
Microsoft Visual Studio Solution File, Format Version 12.00
# Visual Studio Version 17
VisualStudioVersion = 17.13.35913.81
MinimumVisualStudioVersion = 10.0.40219.1
Project("{FAE04EC0-301F-11D3-BF4B-00C04F79EFBC}") = "IvanConnections_Travel", "IvanConnections_Travel.csproj", "{E4D92130-0EF6-42D4-AD19-503571CF0332}"
EndProject
Global
	GlobalSection(SolutionConfigurationPlatforms) = preSolution
		Debug|Any CPU = Debug|Any CPU
		Release|Any CPU = Release|Any CPU
	EndGlobalSection
	GlobalSection(ProjectConfigurationPlatforms) = postSolution
		{E4D92130-0EF6-42D4-AD19-503571CF0332}.Debug|Any CPU.ActiveCfg = Debug|Any CPU
		{E4D92130-0EF6-42D4-AD19-503571CF0332}.Debug|Any CPU.Build.0 = Debug|Any CPU
		{E4D92130-0EF6-42D4-AD19-503571CF0332}.Debug|Any CPU.Deploy.0 = Debug|Any CPU
		{E4D92130-0EF6-42D4-AD19-503571CF0332}.Release|Any CPU.ActiveCfg = Release|Any CPU
		{E4D92130-0EF6-42D4-AD19-503571CF0332}.Release|Any CPU.Build.0 = Release|Any CPU
		{E4D92130-0EF6-42D4-AD19-503571CF0332}.Release|Any CPU.Deploy.0 = Release|Any CPU
	EndGlobalSection
	GlobalSection(SolutionProperties) = preSolution
		HideSolutionNode = FALSE
	EndGlobalSection
	GlobalSection(ExtensibilityGlobals) = postSolution
		SolutionGuid = {3B84A1A4-B9A3-4069-A599-655920EC827B}
	EndGlobalSection
EndGlobal
